
Microsoft Visual Studio Solution File, Format Version 12.00
# Visual Studio Version 17
VisualStudioVersion = 17.9.34902.65
MinimumVisualStudioVersion = 10.0.40219.1
Project("{FAE04EC0-301F-11D3-BF4B-00C04F79EFBC}") = "LabOne", "LabOne.csproj", "{F5527927-5378-400C-BD94-3B9CC4E65103}"
EndProject
Global
	GlobalSection(SolutionConfigurationPlatforms) = preSolution
		Debug|Any CPU = Debug|Any CPU
		Release|Any CPU = Release|Any CPU
	EndGlobalSection
	GlobalSection(ProjectConfigurationPlatforms) = postSolution
		{F5527927-5378-400C-BD94-3B9CC4E65103}.Debug|Any CPU.ActiveCfg = Debug|Any CPU
		{F5527927-5378-400C-BD94-3B9CC4E65103}.Debug|Any CPU.Build.0 = Debug|Any CPU
		{F5527927-5378-400C-BD94-3B9CC4E65103}.Release|Any CPU.ActiveCfg = Release|Any CPU
		{F5527927-5378-400C-BD94-3B9CC4E65103}.Release|Any CPU.Build.0 = Release|Any CPU
	EndGlobalSection
	GlobalSection(SolutionProperties) = preSolution
		HideSolutionNode = FALSE
	EndGlobalSection
	GlobalSection(ExtensibilityGlobals) = postSolution
		SolutionGuid = {92C51B5A-ACCB-4823-A8D3-F862F627E1EB}
	EndGlobalSection
EndGlobal
